#
# This file is autogenerated by pip-compile with Python 3.12
# by the following command:
#
#    pip-compile --extra=dev --no-emit-index-url --no-index --output-file=requirements.lock --strip-extras pyproject.toml
#
build==1.6.0
    # via
    #   pip-tools
    #   threatlens (pyproject.toml)
click==8.5.0
    # via pip-tools
colorama==0.4.6
    # via
    #   build
    #   pytest
coverage==7.16.0
    # via pytest-cov
iniconfig==2.3.0
    # via pytest
librt==0.15.0
    # via mypy
mypy==1.20.2
    # via threatlens (pyproject.toml)
mypy-extensions==1.1.0
    # via mypy
packaging==26.3
    # via
    #   build
    #   pytest
    #   wheel
pathspec==1.1.1
    # via mypy
pip-tools==7.6.1
    # via threatlens (pyproject.toml)
pluggy==1.6.0
    # via
    #   pytest
    #   pytest-cov
pygments==2.21.0
    # via pytest
pyproject-hooks==1.2.0
    # via
    #   build
    #   pip-tools
pytest==8.4.2
    # via
    #   pytest-cov
    #   threatlens (pyproject.toml)
pytest-cov==7.1.0
    # via threatlens (pyproject.toml)
pywin32==312 ; sys_platform == "win32"
    # via threatlens (pyproject.toml)
ruff==0.16.5
    # via threatlens (pyproject.toml)
typing-extensions==4.16.0
    # via mypy
wheel==0.48.0
    # via pip-tools

# The following packages are considered to be unsafe in a requirements file:
# pip
# setuptools
